
Microsoft Visual Studio Solution File, Format Version 12.00
# Visual Studio Version 17
VisualStudioVersion = 17.8.34330.188
MinimumVisualStudioVersion = 10.0.40219.1
Project("{FAE04EC0-301F-11D3-BF4B-00C04F79EFBC}") = "lvl5", "lvl5\lvl5.csproj", "{8B92B866-0C7A-4720-A62E-674D3D7415EA}"
EndProject
Global
	GlobalSection(SolutionConfigurationPlatforms) = preSolution
		Debug|Any CPU = Debug|Any CPU
		Release|Any CPU = Release|Any CPU
	EndGlobalSection
	GlobalSection(ProjectConfigurationPlatforms) = postSolution
		{8B92B866-0C7A-4720-A62E-674D3D7415EA}.Debug|Any CPU.ActiveCfg = Debug|Any CPU
		{8B92B866-0C7A-4720-A62E-674D3D7415EA}.Debug|Any CPU.Build.0 = Debug|Any CPU
		{8B92B866-0C7A-4720-A62E-674D3D7415EA}.Release|Any CPU.ActiveCfg = Release|Any CPU
		{8B92B866-0C7A-4720-A62E-674D3D7415EA}.Release|Any CPU.Build.0 = Release|Any CPU
	EndGlobalSection
	GlobalSection(SolutionProperties) = preSolution
		HideSolutionNode = FALSE
	EndGlobalSection
	GlobalSection(ExtensibilityGlobals) = postSolution
		SolutionGuid = {8EEEA2BA-FEBA-4D6D-943B-EF4D6A52286E}
	EndGlobalSection
EndGlobal
